
Microsoft Visual Studio Solution File, Format Version 12.00
# Visual Studio Version 17
VisualStudioVersion = 17.11.35222.181
MinimumVisualStudioVersion = 10.0.40219.1
Project("{2150E333-8FDC-42A3-9474-1A3956D46DE8}") = "Task0", "Task0", "{AED85E53-1C5D-4C8E-A220-6C08C6E6C814}"
EndProject
Project("{FAE04EC0-301F-11D3-BF4B-00C04F79EFBC}") = "Tyuiu.TyazhovLA.Sprint4.Task0.V17", "Tyuiu.TyazhovLA.Sprint4.Task0.V17\Tyuiu.TyazhovLA.Sprint4.Task0.V17.csproj", "{765E903F-1261-4B72-BADF-B81B17ABF923}"
EndProject
Project("{FAE04EC0-301F-11D3-BF4B-00C04F79EFBC}") = "Tyuiu.TyazhovLA.Sprint4.Task0.V17.Lib", "Tyuiu.TyazhovLA.Sprint4.Task0.V17.Lib\Tyuiu.TyazhovLA.Sprint4.Task0.V17.Lib.csproj", "{01DD9B2E-D84B-4DBE-839D-00AD4F81F9C0}"
EndProject
Project("{FAE04EC0-301F-11D3-BF4B-00C04F79EFBC}") = "Tyuiu.TyazhovLA.Sprint4.Task0.V17.Test", "Tyuiu.TyazhovLA.Sprint4.Task0.V17.Test\Tyuiu.TyazhovLA.Sprint4.Task0.V17.Test.csproj", "{9E5C416F-8D73-4010-BBC2-73F5BF3AF7D7}"
EndProject
Project("{2150E333-8FDC-42A3-9474-1A3956D46DE8}") = "Task1", "Task1", "{5EAEEF96-2704-4253-9957-C01754336519}"
EndProject
Project("{FAE04EC0-301F-11D3-BF4B-00C04F79EFBC}") = "Tyuiu.TyazhovLA.Sprint4.Task1.V23", "Tyuiu.TyazhovLA.Sprint4.Task1.V23\Tyuiu.TyazhovLA.Sprint4.Task1.V23.csproj", "{8768BA69-E202-4DDE-B19A-1E0D2C792D2C}"
EndProject
Project("{FAE04EC0-301F-11D3-BF4B-00C04F79EFBC}") = "Tyuiu.TyazhovLA.Sprint4.Task1.V23.Lib", "Tyuiu.TyazhovLA.Sprint4.Task1.V23.Lib\Tyuiu.TyazhovLA.Sprint4.Task1.V23.Lib.csproj", "{D4C3A6C5-7D90-4B0E-B073-2114AE24353B}"
EndProject
Project("{FAE04EC0-301F-11D3-BF4B-00C04F79EFBC}") = "Tyuiu.TyazhovLA.Sprint4.Task1.V23.Test", "Tyuiu.TyazhovLA.Sprint4.Task1.V23.Test\Tyuiu.TyazhovLA.Sprint4.Task1.V23.Test.csproj", "{7B181E5E-404C-42E5-A706-1F379194E8CF}"
EndProject
Project("{2150E333-8FDC-42A3-9474-1A3956D46DE8}") = "Task2", "Task2", "{E2329846-AD25-433D-A26D-EF3CD7865D6E}"
EndProject
Project("{FAE04EC0-301F-11D3-BF4B-00C04F79EFBC}") = "Tyuiu.TyazhovLA.Sprint4.Task2.V7", "Tyuiu.TyazhovLA.Sprint4.Task2.V7\Tyuiu.TyazhovLA.Sprint4.Task2.V7.csproj", "{6CE7FBAA-3657-44BD-8C44-D6561B13297D}"
EndProject
Project("{FAE04EC0-301F-11D3-BF4B-00C04F79EFBC}") = "Tyuiu.TyazhovLA.Sprint4.Task2.V7.Lib", "Tyuiu.TyazhovLA.Sprint4.Task2.V7.Lib\Tyuiu.TyazhovLA.Sprint4.Task2.V7.Lib.csproj", "{F1B2BECC-9DA7-4D91-9471-E3D875980A73}"
EndProject
Project("{FAE04EC0-301F-11D3-BF4B-00C04F79EFBC}") = "Tyuiu.TyazhovLA.Sprint4.Task2.V7.Test", "Tyuiu.TyazhovLA.Sprint4.Task2.V7.Test\Tyuiu.TyazhovLA.Sprint4.Task2.V7.Test.csproj", "{6AC03E13-ED92-454D-972F-EB98C7C59143}"
EndProject
Project("{2150E333-8FDC-42A3-9474-1A3956D46DE8}") = "Task3", "Task3", "{AE281D08-0BC3-42AF-A71C-14940E00401A}"
EndProject
Project("{FAE04EC0-301F-11D3-BF4B-00C04F79EFBC}") = "Tyuiu.TyazhovLA.Sprint4.Task3.V29", "Tyuiu.TyazhovLA.Sprint4.Task3.V29\Tyuiu.TyazhovLA.Sprint4.Task3.V29.csproj", "{697CCFAD-1178-4526-A29C-646D5FFF6448}"
EndProject
Project("{FAE04EC0-301F-11D3-BF4B-00C04F79EFBC}") = "Tyuiu.TyazhovLA.Sprint4.Task3.V29.Lib", "Tyuiu.TyazhovLA.Sprint4.Task3.V29.Lib\Tyuiu.TyazhovLA.Sprint4.Task3.V29.Lib.csproj", "{DAE791D0-D238-43D8-A158-5CD45876531A}"
EndProject
Project("{FAE04EC0-301F-11D3-BF4B-00C04F79EFBC}") = "Tyuiu.TyazhovLA.Sprint4.Task3.V29.Test", "Tyuiu.TyazhovLA.Sprint4.Task3.V29.Test\Tyuiu.TyazhovLA.Sprint4.Task3.V29.Test.csproj", "{63F821B2-A61F-4560-B38C-92570BA4CEEE}"
EndProject
Project("{2150E333-8FDC-42A3-9474-1A3956D46DE8}") = "Task4", "Task4", "{91B51255-6C97-443E-B681-97EA851C2477}"
EndProject
Project("{FAE04EC0-301F-11D3-BF4B-00C04F79EFBC}") = "Tyuiu.TyazhovLA.Sprint4.Task4.V13", "Tyuiu.TyazhovLA.Sprint4.Task4.V13\Tyuiu.TyazhovLA.Sprint4.Task4.V13.csproj", "{82B27D5D-51FD-44D7-9722-14D60B9D447D}"
EndProject
Project("{FAE04EC0-301F-11D3-BF4B-00C04F79EFBC}") = "Tyuiu.TyazhovLA.Sprint4.Task4.V13.Lib", "Tyuiu.TyazhovLA.Sprint4.Task4.V13.Lib\Tyuiu.TyazhovLA.Sprint4.Task4.V13.Lib.csproj", "{6C3FCF77-5CA2-43B4-B83D-64C9105DEBEE}"
EndProject
Project("{FAE04EC0-301F-11D3-BF4B-00C04F79EFBC}") = "Tyuiu.TyazhovLA.Sprint4.Task4.V13.Test", "Tyuiu.TyazhovLA.Sprint4.Task4.V13.Test\Tyuiu.TyazhovLA.Sprint4.Task4.V13.Test.csproj", "{165D0246-214D-4F34-BF25-32B59D334F11}"
EndProject
Project("{2150E333-8FDC-42A3-9474-1A3956D46DE8}") = "Task5", "Task5", "{EB4FAF14-0D27-4BBE-8C8A-483C63082246}"
EndProject
Project("{FAE04EC0-301F-11D3-BF4B-00C04F79EFBC}") = "Tyuiu.TyazhovLA.Sprint4.Task5.V6", "Tyuiu.TyazhovLA.Sprint4.Task5.V6\Tyuiu.TyazhovLA.Sprint4.Task5.V6.csproj", "{C5E6D7A9-18F9-4609-B1E3-2FB9263F5C17}"
EndProject
Project("{FAE04EC0-301F-11D3-BF4B-00C04F79EFBC}") = "Tyuiu.TyazhovLA.Sprint4.Task5.V6.Lib", "Tyuiu.TyazhovLA.Sprint4.Task5.V6.Lib\Tyuiu.TyazhovLA.Sprint4.Task5.V6.Lib.csproj", "{A6608BB9-CE86-4CCF-A6CA-AC4BBBF45DD9}"
EndProject
Project("{FAE04EC0-301F-11D3-BF4B-00C04F79EFBC}") = "Tyuiu.TyazhovLA.Sprint4.Task5.V6.Test", "Tyuiu.TyazhovLA.Sprint4.Task5.V6.Test\Tyuiu.TyazhovLA.Sprint4.Task5.V6.Test.csproj", "{FB4586E8-7662-4DB3-B9D6-F903847FECE1}"
EndProject
Global
	GlobalSection(SolutionConfigurationPlatforms) = preSolution
		Debug|Any CPU = Debug|Any CPU
		Release|Any CPU = Release|Any CPU
	EndGlobalSection
	GlobalSection(ProjectConfigurationPlatforms) = postSolution
		{765E903F-1261-4B72-BADF-B81B17ABF923}.Debug|Any CPU.ActiveCfg = Debug|Any CPU
		{765E903F-1261-4B72-BADF-B81B17ABF923}.Debug|Any CPU.Build.0 = Debug|Any CPU
		{765E903F-1261-4B72-BADF-B81B17ABF923}.Release|Any CPU.ActiveCfg = Release|Any CPU
		{765E903F-1261-4B72-BADF-B81B17ABF923}.Release|Any CPU.Build.0 = Release|Any CPU
		{01DD9B2E-D84B-4DBE-839D-00AD4F81F9C0}.Debug|Any CPU.ActiveCfg = Debug|Any CPU
		{01DD9B2E-D84B-4DBE-839D-00AD4F81F9C0}.Debug|Any CPU.Build.0 = Debug|Any CPU
		{01DD9B2E-D84B-4DBE-839D-00AD4F81F9C0}.Release|Any CPU.ActiveCfg = Release|Any CPU
		{01DD9B2E-D84B-4DBE-839D-00AD4F81F9C0}.Release|Any CPU.Build.0 = Release|Any CPU
		{9E5C416F-8D73-4010-BBC2-73F5BF3AF7D7}.Debug|Any CPU.ActiveCfg = Debug|Any CPU
		{9E5C416F-8D73-4010-BBC2-73F5BF3AF7D7}.Debug|Any CPU.Build.0 = Debug|Any CPU
		{9E5C416F-8D73-4010-BBC2-73F5BF3AF7D7}.Release|Any CPU.ActiveCfg = Release|Any CPU
		{9E5C416F-8D73-4010-BBC2-73F5BF3AF7D7}.Release|Any CPU.Build.0 = Release|Any CPU
		{8768BA69-E202-4DDE-B19A-1E0D2C792D2C}.Debug|Any CPU.ActiveCfg = Debug|Any CPU
		{8768BA69-E202-4DDE-B19A-1E0D2C792D2C}.Debug|Any CPU.Build.0 = Debug|Any CPU
		{8768BA69-E202-4DDE-B19A-1E0D2C792D2C}.Release|Any CPU.ActiveCfg = Release|Any CPU
		{8768BA69-E202-4DDE-B19A-1E0D2C792D2C}.Release|Any CPU.Build.0 = Release|Any CPU
		{D4C3A6C5-7D90-4B0E-B073-2114AE24353B}.Debug|Any CPU.ActiveCfg = Debug|Any CPU
		{D4C3A6C5-7D90-4B0E-B073-2114AE24353B}.Debug|Any CPU.Build.0 = Debug|Any CPU
		{D4C3A6C5-7D90-4B0E-B073-2114AE24353B}.Release|Any CPU.ActiveCfg = Release|Any CPU
		{D4C3A6C5-7D90-4B0E-B073-2114AE24353B}.Release|Any CPU.Build.0 = Release|Any CPU
		{7B181E5E-404C-42E5-A706-1F379194E8CF}.Debug|Any CPU.ActiveCfg = Debug|Any CPU
		{7B181E5E-404C-42E5-A706-1F379194E8CF}.Debug|Any CPU.Build.0 = Debug|Any CPU
		{7B181E5E-404C-42E5-A706-1F379194E8CF}.Release|Any CPU.ActiveCfg = Release|Any CPU
		{7B181E5E-404C-42E5-A706-1F379194E8CF}.Release|Any CPU.Build.0 = Release|Any CPU
		{6CE7FBAA-3657-44BD-8C44-D6561B13297D}.Debug|Any CPU.ActiveCfg = Debug|Any CPU
		{6CE7FBAA-3657-44BD-8C44-D6561B13297D}.Debug|Any CPU.Build.0 = Debug|Any CPU
		{6CE7FBAA-3657-44BD-8C44-D6561B13297D}.Release|Any CPU.ActiveCfg = Release|Any CPU
		{6CE7FBAA-3657-44BD-8C44-D6561B13297D}.Release|Any CPU.Build.0 = Release|Any CPU
		{F1B2BECC-9DA7-4D91-9471-E3D875980A73}.Debug|Any CPU.ActiveCfg = Debug|Any CPU
		{F1B2BECC-9DA7-4D91-9471-E3D875980A73}.Debug|Any CPU.Build.0 = Debug|Any CPU
		{F1B2BECC-9DA7-4D91-9471-E3D875980A73}.Release|Any CPU.ActiveCfg = Release|Any CPU
		{F1B2BECC-9DA7-4D91-9471-E3D875980A73}.Release|Any CPU.Build.0 = Release|Any CPU
		{6AC03E13-ED92-454D-972F-EB98C7C59143}.Debug|Any CPU.ActiveCfg = Debug|Any CPU
		{6AC03E13-ED92-454D-972F-EB98C7C59143}.Debug|Any CPU.Build.0 = Debug|Any CPU
		{6AC03E13-ED92-454D-972F-EB98C7C59143}.Release|Any CPU.ActiveCfg = Release|Any CPU
		{6AC03E13-ED92-454D-972F-EB98C7C59143}.Release|Any CPU.Build.0 = Release|Any CPU
		{697CCFAD-1178-4526-A29C-646D5FFF6448}.Debug|Any CPU.ActiveCfg = Debug|Any CPU
		{697CCFAD-1178-4526-A29C-646D5FFF6448}.Debug|Any CPU.Build.0 = Debug|Any CPU
		{697CCFAD-1178-4526-A29C-646D5FFF6448}.Release|Any CPU.ActiveCfg = Release|Any CPU
		{697CCFAD-1178-4526-A29C-646D5FFF6448}.Release|Any CPU.Build.0 = Release|Any CPU
		{DAE791D0-D238-43D8-A158-5CD45876531A}.Debug|Any CPU.ActiveCfg = Debug|Any CPU
		{DAE791D0-D238-43D8-A158-5CD45876531A}.Debug|Any CPU.Build.0 = Debug|Any CPU
		{DAE791D0-D238-43D8-A158-5CD45876531A}.Release|Any CPU.ActiveCfg = Release|Any CPU
		{DAE791D0-D238-43D8-A158-5CD45876531A}.Release|Any CPU.Build.0 = Release|Any CPU
		{63F821B2-A61F-4560-B38C-92570BA4CEEE}.Debug|Any CPU.ActiveCfg = Debug|Any CPU
		{63F821B2-A61F-4560-B38C-92570BA4CEEE}.Debug|Any CPU.Build.0 = Debug|Any CPU
		{63F821B2-A61F-4560-B38C-92570BA4CEEE}.Release|Any CPU.ActiveCfg = Release|Any CPU
		{63F821B2-A61F-4560-B38C-92570BA4CEEE}.Release|Any CPU.Build.0 = Release|Any CPU
		{82B27D5D-51FD-44D7-9722-14D60B9D447D}.Debug|Any CPU.ActiveCfg = Debug|Any CPU
		{82B27D5D-51FD-44D7-9722-14D60B9D447D}.Debug|Any CPU.Build.0 = Debug|Any CPU
		{82B27D5D-51FD-44D7-9722-14D60B9D447D}.Release|Any CPU.ActiveCfg = Release|Any CPU
		{82B27D5D-51FD-44D7-9722-14D60B9D447D}.Release|Any CPU.Build.0 = Release|Any CPU
		{6C3FCF77-5CA2-43B4-B83D-64C9105DEBEE}.Debug|Any CPU.ActiveCfg = Debug|Any CPU
		{6C3FCF77-5CA2-43B4-B83D-64C9105DEBEE}.Debug|Any CPU.Build.0 = Debug|Any CPU
		{6C3FCF77-5CA2-43B4-B83D-64C9105DEBEE}.Release|Any CPU.ActiveCfg = Release|Any CPU
		{6C3FCF77-5CA2-43B4-B83D-64C9105DEBEE}.Release|Any CPU.Build.0 = Release|Any CPU
		{165D0246-214D-4F34-BF25-32B59D334F11}.Debug|Any CPU.ActiveCfg = Debug|Any CPU
		{165D0246-214D-4F34-BF25-32B59D334F11}.Debug|Any CPU.Build.0 = Debug|Any CPU
		{165D0246-214D-4F34-BF25-32B59D334F11}.Release|Any CPU.ActiveCfg = Release|Any CPU
		{165D0246-214D-4F34-BF25-32B59D334F11}.Release|Any CPU.Build.0 = Release|Any CPU
		{C5E6D7A9-18F9-4609-B1E3-2FB9263F5C17}.Debug|Any CPU.ActiveCfg = Debug|Any CPU
		{C5E6D7A9-18F9-4609-B1E3-2FB9263F5C17}.Debug|Any CPU.Build.0 = Debug|Any CPU
		{C5E6D7A9-18F9-4609-B1E3-2FB9263F5C17}.Release|Any CPU.ActiveCfg = Release|Any CPU
		{C5E6D7A9-18F9-4609-B1E3-2FB9263F5C17}.Release|Any CPU.Build.0 = Release|Any CPU
		{A6608BB9-CE86-4CCF-A6CA-AC4BBBF45DD9}.Debug|Any CPU.ActiveCfg = Debug|Any CPU
		{A6608BB9-CE86-4CCF-A6CA-AC4BBBF45DD9}.Debug|Any CPU.Build.0 = Debug|Any CPU
		{A6608BB9-CE86-4CCF-A6CA-AC4BBBF45DD9}.Release|Any CPU.ActiveCfg = Release|Any CPU
		{A6608BB9-CE86-4CCF-A6CA-AC4BBBF45DD9}.Release|Any CPU.Build.0 = Release|Any CPU
		{FB4586E8-7662-4DB3-B9D6-F903847FECE1}.Debug|Any CPU.ActiveCfg = Debug|Any CPU
		{FB4586E8-7662-4DB3-B9D6-F903847FECE1}.Debug|Any CPU.Build.0 = Debug|Any CPU
		{FB4586E8-7662-4DB3-B9D6-F903847FECE1}.Release|Any CPU.ActiveCfg = Release|Any CPU
		{FB4586E8-7662-4DB3-B9D6-F903847FECE1}.Release|Any CPU.Build.0 = Release|Any CPU
	EndGlobalSection
	GlobalSection(SolutionProperties) = preSolution
		HideSolutionNode = FALSE
	EndGlobalSection
	GlobalSection(NestedProjects) = preSolution
		{765E903F-1261-4B72-BADF-B81B17ABF923} = {AED85E53-1C5D-4C8E-A220-6C08C6E6C814}
		{01DD9B2E-D84B-4DBE-839D-00AD4F81F9C0} = {AED85E53-1C5D-4C8E-A220-6C08C6E6C814}
		{9E5C416F-8D73-4010-BBC2-73F5BF3AF7D7} = {AED85E53-1C5D-4C8E-A220-6C08C6E6C814}
		{8768BA69-E202-4DDE-B19A-1E0D2C792D2C} = {5EAEEF96-2704-4253-9957-C01754336519}
		{D4C3A6C5-7D90-4B0E-B073-2114AE24353B} = {5EAEEF96-2704-4253-9957-C01754336519}
		{7B181E5E-404C-42E5-A706-1F379194E8CF} = {5EAEEF96-2704-4253-9957-C01754336519}
		{6CE7FBAA-3657-44BD-8C44-D6561B13297D} = {E2329846-AD25-433D-A26D-EF3CD7865D6E}
		{F1B2BECC-9DA7-4D91-9471-E3D875980A73} = {E2329846-AD25-433D-A26D-EF3CD7865D6E}
		{6AC03E13-ED92-454D-972F-EB98C7C59143} = {E2329846-AD25-433D-A26D-EF3CD7865D6E}
		{697CCFAD-1178-4526-A29C-646D5FFF6448} = {AE281D08-0BC3-42AF-A71C-14940E00401A}
		{DAE791D0-D238-43D8-A158-5CD45876531A} = {AE281D08-0BC3-42AF-A71C-14940E00401A}
		{63F821B2-A61F-4560-B38C-92570BA4CEEE} = {AE281D08-0BC3-42AF-A71C-14940E00401A}
		{82B27D5D-51FD-44D7-9722-14D60B9D447D} = {91B51255-6C97-443E-B681-97EA851C2477}
		{6C3FCF77-5CA2-43B4-B83D-64C9105DEBEE} = {91B51255-6C97-443E-B681-97EA851C2477}
		{165D0246-214D-4F34-BF25-32B59D334F11} = {91B51255-6C97-443E-B681-97EA851C2477}
		{C5E6D7A9-18F9-4609-B1E3-2FB9263F5C17} = {EB4FAF14-0D27-4BBE-8C8A-483C63082246}
		{A6608BB9-CE86-4CCF-A6CA-AC4BBBF45DD9} = {EB4FAF14-0D27-4BBE-8C8A-483C63082246}
		{FB4586E8-7662-4DB3-B9D6-F903847FECE1} = {EB4FAF14-0D27-4BBE-8C8A-483C63082246}
	EndGlobalSection
	GlobalSection(ExtensibilityGlobals) = postSolution
		SolutionGuid = {2BEF8BBA-EE27-4BA0-8EBD-33E64EF4E0E5}
	EndGlobalSection
EndGlobal
