
Microsoft Visual Studio Solution File, Format Version 12.00
# Visual Studio Version 17
VisualStudioVersion = 17.11.35222.181
MinimumVisualStudioVersion = 10.0.40219.1
Project("{2150E333-8FDC-42A3-9474-1A3956D46DE8}") = "Task0", "Task0", "{AED85E53-1C5D-4C8E-A220-6C08C6E6C814}"
EndProject
Project("{FAE04EC0-301F-11D3-BF4B-00C04F79EFBC}") = "Tyuiu.TyazhovLA.Sprint4.Task0.V17", "Tyuiu.TyazhovLA.Sprint4.Task0.V17\Tyuiu.TyazhovLA.Sprint4.Task0.V17.csproj", "{765E903F-1261-4B72-BADF-B81B17ABF923}"
EndProject
Project("{FAE04EC0-301F-11D3-BF4B-00C04F79EFBC}") = "Tyuiu.TyazhovLA.Sprint4.Task0.V17.Lib", "Tyuiu.TyazhovLA.Sprint4.Task0.V17.Lib\Tyuiu.TyazhovLA.Sprint4.Task0.V17.Lib.csproj", "{01DD9B2E-D84B-4DBE-839D-00AD4F81F9C0}"
EndProject
Project("{FAE04EC0-301F-11D3-BF4B-00C04F79EFBC}") = "Tyuiu.TyazhovLA.Sprint4.Task0.V17.Test", "Tyuiu.TyazhovLA.Sprint4.Task0.V17.Test\Tyuiu.TyazhovLA.Sprint4.Task0.V17.Test.csproj", "{9E5C416F-8D73-4010-BBC2-73F5BF3AF7D7}"
EndProject
Project("{2150E333-8FDC-42A3-9474-1A3956D46DE8}") = "Task1", "Task1", "{5EAEEF96-2704-4253-9957-C01754336519}"
EndProject
Project("{FAE04EC0-301F-11D3-BF4B-00C04F79EFBC}") = "Tyuiu.TyazhovLA.Sprint4.Task1.V23", "Tyuiu.TyazhovLA.Sprint4.Task1.V23\Tyuiu.TyazhovLA.Sprint4.Task1.V23.csproj", "{8768BA69-E202-4DDE-B19A-1E0D2C792D2C}"
EndProject
Project("{FAE04EC0-301F-11D3-BF4B-00C04F79EFBC}") = "Tyuiu.TyazhovLA.Sprint4.Task1.V23.Lib", "Tyuiu.TyazhovLA.Sprint4.Task1.V23.Lib\Tyuiu.TyazhovLA.Sprint4.Task1.V23.Lib.csproj", "{D4C3A6C5-7D90-4B0E-B073-2114AE24353B}"
EndProject
Project("{FAE04EC0-301F-11D3-BF4B-00C04F79EFBC}") = "Tyuiu.TyazhovLA.Sprint4.Task1.V23.Test", "Tyuiu.TyazhovLA.Sprint4.Task1.V23.Test\Tyuiu.TyazhovLA.Sprint4.Task1.V23.Test.csproj", "{7B181E5E-404C-42E5-A706-1F379194E8CF}"
EndProject
Project("{2150E333-8FDC-42A3-9474-1A3956D46DE8}") = "Task2", "Task2", "{E2329846-AD25-433D-A26D-EF3CD7865D6E}"
EndProject
Project("{FAE04EC0-301F-11D3-BF4B-00C04F79EFBC}") = "Tyuiu.TyazhovLA.Sprint4.Task2.V7", "Tyuiu.TyazhovLA.Sprint4.Task2.V7\Tyuiu.TyazhovLA.Sprint4.Task2.V7.csproj", "{6CE7FBAA-3657-44BD-8C44-D6561B13297D}"
EndProject
Project("{FAE04EC0-301F-11D3-BF4B-00C04F79EFBC}") = "Tyuiu.TyazhovLA.Sprint4.Task2.V7.Lib", "Tyuiu.TyazhovLA.Sprint4.Task2.V7.Lib\Tyuiu.TyazhovLA.Sprint4.Task2.V7.Lib.csproj", "{F1B2BECC-9DA7-4D91-9471-E3D875980A73}"
EndProject
Project("{FAE04EC0-301F-11D3-BF4B-00C04F79EFBC}") = "Tyuiu.TyazhovLA.Sprint4.Task2.V7.Test", "Tyuiu.TyazhovLA.Sprint4.Task2.V7.Test\Tyuiu.TyazhovLA.Sprint4.Task2.V7.Test.csproj", "{6AC03E13-ED92-454D-972F-EB98C7C59143}"
EndProject
Global
	GlobalSection(SolutionConfigurationPlatforms) = preSolution
		Debug|Any CPU = Debug|Any CPU
		Release|Any CPU = Release|Any CPU
	EndGlobalSection
	GlobalSection(ProjectConfigurationPlatforms) = postSolution
		{765E903F-1261-4B72-BADF-B81B17ABF923}.Debug|Any CPU.ActiveCfg = Debug|Any CPU
		{765E903F-1261-4B72-BADF-B81B17ABF923}.Debug|Any CPU.Build.0 = Debug|Any CPU
		{765E903F-1261-4B72-BADF-B81B17ABF923}.Release|Any CPU.ActiveCfg = Release|Any CPU
		{765E903F-1261-4B72-BADF-B81B17ABF923}.Release|Any CPU.Build.0 = Release|Any CPU
		{01DD9B2E-D84B-4DBE-839D-00AD4F81F9C0}.Debug|Any CPU.ActiveCfg = Debug|Any CPU
		{01DD9B2E-D84B-4DBE-839D-00AD4F81F9C0}.Debug|Any CPU.Build.0 = Debug|Any CPU
		{01DD9B2E-D84B-4DBE-839D-00AD4F81F9C0}.Release|Any CPU.ActiveCfg = Release|Any CPU
		{01DD9B2E-D84B-4DBE-839D-00AD4F81F9C0}.Release|Any CPU.Build.0 = Release|Any CPU
		{9E5C416F-8D73-4010-BBC2-73F5BF3AF7D7}.Debug|Any CPU.ActiveCfg = Debug|Any CPU
		{9E5C416F-8D73-4010-BBC2-73F5BF3AF7D7}.Debug|Any CPU.Build.0 = Debug|Any CPU
		{9E5C416F-8D73-4010-BBC2-73F5BF3AF7D7}.Release|Any CPU.ActiveCfg = Release|Any CPU
		{9E5C416F-8D73-4010-BBC2-73F5BF3AF7D7}.Release|Any CPU.Build.0 = Release|Any CPU
		{8768BA69-E202-4DDE-B19A-1E0D2C792D2C}.Debug|Any CPU.ActiveCfg = Debug|Any CPU
		{8768BA69-E202-4DDE-B19A-1E0D2C792D2C}.Debug|Any CPU.Build.0 = Debug|Any CPU
		{8768BA69-E202-4DDE-B19A-1E0D2C792D2C}.Release|Any CPU.ActiveCfg = Release|Any CPU
		{8768BA69-E202-4DDE-B19A-1E0D2C792D2C}.Release|Any CPU.Build.0 = Release|Any CPU
		{D4C3A6C5-7D90-4B0E-B073-2114AE24353B}.Debug|Any CPU.ActiveCfg = Debug|Any CPU
		{D4C3A6C5-7D90-4B0E-B073-2114AE24353B}.Debug|Any CPU.Build.0 = Debug|Any CPU
		{D4C3A6C5-7D90-4B0E-B073-2114AE24353B}.Release|Any CPU.ActiveCfg = Release|Any CPU
		{D4C3A6C5-7D90-4B0E-B073-2114AE24353B}.Release|Any CPU.Build.0 = Release|Any CPU
		{7B181E5E-404C-42E5-A706-1F379194E8CF}.Debug|Any CPU.ActiveCfg = Debug|Any CPU
		{7B181E5E-404C-42E5-A706-1F379194E8CF}.Debug|Any CPU.Build.0 = Debug|Any CPU
		{7B181E5E-404C-42E5-A706-1F379194E8CF}.Release|Any CPU.ActiveCfg = Release|Any CPU
		{7B181E5E-404C-42E5-A706-1F379194E8CF}.Release|Any CPU.Build.0 = Release|Any CPU
		{6CE7FBAA-3657-44BD-8C44-D6561B13297D}.Debug|Any CPU.ActiveCfg = Debug|Any CPU
		{6CE7FBAA-3657-44BD-8C44-D6561B13297D}.Debug|Any CPU.Build.0 = Debug|Any CPU
		{6CE7FBAA-3657-44BD-8C44-D6561B13297D}.Release|Any CPU.ActiveCfg = Release|Any CPU
		{6CE7FBAA-3657-44BD-8C44-D6561B13297D}.Release|Any CPU.Build.0 = Release|Any CPU
		{F1B2BECC-9DA7-4D91-9471-E3D875980A73}.Debug|Any CPU.ActiveCfg = Debug|Any CPU
		{F1B2BECC-9DA7-4D91-9471-E3D875980A73}.Debug|Any CPU.Build.0 = Debug|Any CPU
		{F1B2BECC-9DA7-4D91-9471-E3D875980A73}.Release|Any CPU.ActiveCfg = Release|Any CPU
		{F1B2BECC-9DA7-4D91-9471-E3D875980A73}.Release|Any CPU.Build.0 = Release|Any CPU
		{6AC03E13-ED92-454D-972F-EB98C7C59143}.Debug|Any CPU.ActiveCfg = Debug|Any CPU
		{6AC03E13-ED92-454D-972F-EB98C7C59143}.Debug|Any CPU.Build.0 = Debug|Any CPU
		{6AC03E13-ED92-454D-972F-EB98C7C59143}.Release|Any CPU.ActiveCfg = Release|Any CPU
		{6AC03E13-ED92-454D-972F-EB98C7C59143}.Release|Any CPU.Build.0 = Release|Any CPU
	EndGlobalSection
	GlobalSection(SolutionProperties) = preSolution
		HideSolutionNode = FALSE
	EndGlobalSection
	GlobalSection(NestedProjects) = preSolution
		{765E903F-1261-4B72-BADF-B81B17ABF923} = {AED85E53-1C5D-4C8E-A220-6C08C6E6C814}
		{01DD9B2E-D84B-4DBE-839D-00AD4F81F9C0} = {AED85E53-1C5D-4C8E-A220-6C08C6E6C814}
		{9E5C416F-8D73-4010-BBC2-73F5BF3AF7D7} = {AED85E53-1C5D-4C8E-A220-6C08C6E6C814}
		{8768BA69-E202-4DDE-B19A-1E0D2C792D2C} = {5EAEEF96-2704-4253-9957-C01754336519}
		{D4C3A6C5-7D90-4B0E-B073-2114AE24353B} = {5EAEEF96-2704-4253-9957-C01754336519}
		{7B181E5E-404C-42E5-A706-1F379194E8CF} = {5EAEEF96-2704-4253-9957-C01754336519}
		{6CE7FBAA-3657-44BD-8C44-D6561B13297D} = {E2329846-AD25-433D-A26D-EF3CD7865D6E}
		{F1B2BECC-9DA7-4D91-9471-E3D875980A73} = {E2329846-AD25-433D-A26D-EF3CD7865D6E}
		{6AC03E13-ED92-454D-972F-EB98C7C59143} = {E2329846-AD25-433D-A26D-EF3CD7865D6E}
	EndGlobalSection
	GlobalSection(ExtensibilityGlobals) = postSolution
		SolutionGuid = {2BEF8BBA-EE27-4BA0-8EBD-33E64EF4E0E5}
	EndGlobalSection
EndGlobal
